
Microsoft Visual Studio Solution File, Format Version 11.00
# Visual Studio 2010
Project("{8BC9CEB8-8B4A-11D0-8D11-00A0C91BC942}") = "RedisClient", "RedisClient\RedisClient.vcxproj", "{8C995479-A3DB-4A4B-B8BC-FB7994AF7F78}"
EndProject
Project("{8BC9CEB8-8B4A-11D0-8D11-00A0C91BC942}") = "RedisClient_Unittest", "RedisClient_Unittest\RedisClient_Unittest.vcxproj", "{E64E7730-E1B5-4ED7-A38F-C512241B7082}"
EndProject
Global
	GlobalSection(SolutionConfigurationPlatforms) = preSolution
		Debug|Win32 = Debug|Win32
		Release|Win32 = Release|Win32
	EndGlobalSection
	GlobalSection(ProjectConfigurationPlatforms) = postSolution
		{8C995479-A3DB-4A4B-B8BC-FB7994AF7F78}.Debug|Win32.ActiveCfg = Debug|Win32
		{8C995479-A3DB-4A4B-B8BC-FB7994AF7F78}.Debug|Win32.Build.0 = Debug|Win32
		{8C995479-A3DB-4A4B-B8BC-FB7994AF7F78}.Release|Win32.ActiveCfg = Release|Win32
		{8C995479-A3DB-4A4B-B8BC-FB7994AF7F78}.Release|Win32.Build.0 = Release|Win32
		{E64E7730-E1B5-4ED7-A38F-C512241B7082}.Debug|Win32.ActiveCfg = Debug|Win32
		{E64E7730-E1B5-4ED7-A38F-C512241B7082}.Debug|Win32.Build.0 = Debug|Win32
		{E64E7730-E1B5-4ED7-A38F-C512241B7082}.Release|Win32.ActiveCfg = Release|Win32
		{E64E7730-E1B5-4ED7-A38F-C512241B7082}.Release|Win32.Build.0 = Release|Win32
	EndGlobalSection
	GlobalSection(SolutionProperties) = preSolution
		HideSolutionNode = FALSE
	EndGlobalSection
EndGlobal
